
Microsoft Visual Studio Solution File, Format Version 12.00
# Visual Studio 15
VisualStudioVersion = 15.0.26730.10
MinimumVisualStudioVersion = 10.0.40219.1
Project("{FAE04EC0-301F-11D3-BF4B-00C04F79EFBC}") = "RBC.StockManager.Main", "RBC.StockManager.Main\RBC.StockManager.Main.csproj", "{C22A0DB0-6FC7-4642-8612-05BCD1E4D024}"
EndProject
Project("{FAE04EC0-301F-11D3-BF4B-00C04F79EFBC}") = "RBC.StockManager.Models", "RBC.StockManager.Models\RBC.StockManager.Models.csproj", "{13DA644D-55DB-4989-8162-5F58E7F2B084}"
EndProject
Project("{FAE04EC0-301F-11D3-BF4B-00C04F79EFBC}") = "RBC.StockManager.Test", "RBC.StockManager.Test\RBC.StockManager.Test.csproj", "{0F65CE29-E4BF-479B-A262-81EAB0B4BEA3}"
EndProject
Global
	GlobalSection(SolutionConfigurationPlatforms) = preSolution
		Debug|Any CPU = Debug|Any CPU
		Release|Any CPU = Release|Any CPU
	EndGlobalSection
	GlobalSection(ProjectConfigurationPlatforms) = postSolution
		{C22A0DB0-6FC7-4642-8612-05BCD1E4D024}.Debug|Any CPU.ActiveCfg = Debug|Any CPU
		{C22A0DB0-6FC7-4642-8612-05BCD1E4D024}.Debug|Any CPU.Build.0 = Debug|Any CPU
		{C22A0DB0-6FC7-4642-8612-05BCD1E4D024}.Release|Any CPU.ActiveCfg = Release|Any CPU
		{C22A0DB0-6FC7-4642-8612-05BCD1E4D024}.Release|Any CPU.Build.0 = Release|Any CPU
		{13DA644D-55DB-4989-8162-5F58E7F2B084}.Debug|Any CPU.ActiveCfg = Debug|Any CPU
		{13DA644D-55DB-4989-8162-5F58E7F2B084}.Debug|Any CPU.Build.0 = Debug|Any CPU
		{13DA644D-55DB-4989-8162-5F58E7F2B084}.Release|Any CPU.ActiveCfg = Release|Any CPU
		{13DA644D-55DB-4989-8162-5F58E7F2B084}.Release|Any CPU.Build.0 = Release|Any CPU
		{0F65CE29-E4BF-479B-A262-81EAB0B4BEA3}.Debug|Any CPU.ActiveCfg = Debug|Any CPU
		{0F65CE29-E4BF-479B-A262-81EAB0B4BEA3}.Debug|Any CPU.Build.0 = Debug|Any CPU
		{0F65CE29-E4BF-479B-A262-81EAB0B4BEA3}.Release|Any CPU.ActiveCfg = Release|Any CPU
		{0F65CE29-E4BF-479B-A262-81EAB0B4BEA3}.Release|Any CPU.Build.0 = Release|Any CPU
	EndGlobalSection
	GlobalSection(SolutionProperties) = preSolution
		HideSolutionNode = FALSE
	EndGlobalSection
	GlobalSection(ExtensibilityGlobals) = postSolution
		SolutionGuid = {DE8B1291-EB5B-444E-9EA5-F47DD6425AF7}
	EndGlobalSection
EndGlobal
